
Microsoft Visual Studio Solution File, Format Version 12.00
# Visual Studio Version 17
VisualStudioVersion = 17.11.35312.102
MinimumVisualStudioVersion = 10.0.40219.1
Project("{FAE04EC0-301F-11D3-BF4B-00C04F79EFBC}") = "Design", "Design.csproj", "{58248D9F-6074-4431-9CF8-55706CF1E239}"
EndProject
Global
	GlobalSection(SolutionConfigurationPlatforms) = preSolution
		Debug|Any CPU = Debug|Any CPU
		Release|Any CPU = Release|Any CPU
	EndGlobalSection
	GlobalSection(ProjectConfigurationPlatforms) = postSolution
		{58248D9F-6074-4431-9CF8-55706CF1E239}.Debug|Any CPU.ActiveCfg = Debug|Any CPU
		{58248D9F-6074-4431-9CF8-55706CF1E239}.Debug|Any CPU.Build.0 = Debug|Any CPU
		{58248D9F-6074-4431-9CF8-55706CF1E239}.Release|Any CPU.ActiveCfg = Release|Any CPU
		{58248D9F-6074-4431-9CF8-55706CF1E239}.Release|Any CPU.Build.0 = Release|Any CPU
	EndGlobalSection
	GlobalSection(SolutionProperties) = preSolution
		HideSolutionNode = FALSE
	EndGlobalSection
	GlobalSection(ExtensibilityGlobals) = postSolution
		SolutionGuid = {2A5B1D7B-A95E-4085-8027-BB8ED2302F17}
	EndGlobalSection
EndGlobal
